
Microsoft Visual Studio Solution File, Format Version 12.00
# Visual Studio Version 17
VisualStudioVersion = 17.5.2.0
MinimumVisualStudioVersion = 10.0.40219.1
Project("{FAE04EC0-301F-11D3-BF4B-00C04F79EFBC}") = "SelectionExercise1", "SelectionExercise1.csproj", "{97B7201A-D8F7-D2B2-8AC5-30F0257AA4CC}"
EndProject
Project("{FAE04EC0-301F-11D3-BF4B-00C04F79EFBC}") = "FunctionExercises", "FunctionExercises\FunctionExercises.csproj", "{8132CF1F-F3C0-4B54-AD20-7B5B2DA71F3C}"
EndProject
Global
	GlobalSection(SolutionConfigurationPlatforms) = preSolution
		Debug|Any CPU = Debug|Any CPU
		Debug|x64 = Debug|x64
		Debug|x86 = Debug|x86
		Release|Any CPU = Release|Any CPU
		Release|x64 = Release|x64
		Release|x86 = Release|x86
	EndGlobalSection
	GlobalSection(ProjectConfigurationPlatforms) = postSolution
		{97B7201A-D8F7-D2B2-8AC5-30F0257AA4CC}.Debug|Any CPU.ActiveCfg = Debug|Any CPU
		{97B7201A-D8F7-D2B2-8AC5-30F0257AA4CC}.Debug|Any CPU.Build.0 = Debug|Any CPU
		{97B7201A-D8F7-D2B2-8AC5-30F0257AA4CC}.Debug|x64.ActiveCfg = Debug|Any CPU
		{97B7201A-D8F7-D2B2-8AC5-30F0257AA4CC}.Debug|x64.Build.0 = Debug|Any CPU
		{97B7201A-D8F7-D2B2-8AC5-30F0257AA4CC}.Debug|x86.ActiveCfg = Debug|Any CPU
		{97B7201A-D8F7-D2B2-8AC5-30F0257AA4CC}.Debug|x86.Build.0 = Debug|Any CPU
		{97B7201A-D8F7-D2B2-8AC5-30F0257AA4CC}.Release|Any CPU.ActiveCfg = Release|Any CPU
		{97B7201A-D8F7-D2B2-8AC5-30F0257AA4CC}.Release|Any CPU.Build.0 = Release|Any CPU
		{97B7201A-D8F7-D2B2-8AC5-30F0257AA4CC}.Release|x64.ActiveCfg = Release|Any CPU
		{97B7201A-D8F7-D2B2-8AC5-30F0257AA4CC}.Release|x64.Build.0 = Release|Any CPU
		{97B7201A-D8F7-D2B2-8AC5-30F0257AA4CC}.Release|x86.ActiveCfg = Release|Any CPU
		{97B7201A-D8F7-D2B2-8AC5-30F0257AA4CC}.Release|x86.Build.0 = Release|Any CPU
		{8132CF1F-F3C0-4B54-AD20-7B5B2DA71F3C}.Debug|Any CPU.ActiveCfg = Debug|Any CPU
		{8132CF1F-F3C0-4B54-AD20-7B5B2DA71F3C}.Debug|Any CPU.Build.0 = Debug|Any CPU
		{8132CF1F-F3C0-4B54-AD20-7B5B2DA71F3C}.Debug|x64.ActiveCfg = Debug|Any CPU
		{8132CF1F-F3C0-4B54-AD20-7B5B2DA71F3C}.Debug|x64.Build.0 = Debug|Any CPU
		{8132CF1F-F3C0-4B54-AD20-7B5B2DA71F3C}.Debug|x86.ActiveCfg = Debug|Any CPU
		{8132CF1F-F3C0-4B54-AD20-7B5B2DA71F3C}.Debug|x86.Build.0 = Debug|Any CPU
		{8132CF1F-F3C0-4B54-AD20-7B5B2DA71F3C}.Release|Any CPU.ActiveCfg = Release|Any CPU
		{8132CF1F-F3C0-4B54-AD20-7B5B2DA71F3C}.Release|Any CPU.Build.0 = Release|Any CPU
		{8132CF1F-F3C0-4B54-AD20-7B5B2DA71F3C}.Release|x64.ActiveCfg = Release|Any CPU
		{8132CF1F-F3C0-4B54-AD20-7B5B2DA71F3C}.Release|x64.Build.0 = Release|Any CPU
		{8132CF1F-F3C0-4B54-AD20-7B5B2DA71F3C}.Release|x86.ActiveCfg = Release|Any CPU
		{8132CF1F-F3C0-4B54-AD20-7B5B2DA71F3C}.Release|x86.Build.0 = Release|Any CPU
	EndGlobalSection
	GlobalSection(SolutionProperties) = preSolution
		HideSolutionNode = FALSE
	EndGlobalSection
	GlobalSection(ExtensibilityGlobals) = postSolution
		SolutionGuid = {7CD69C0C-F62E-4C22-8B66-9137862AE856}
	EndGlobalSection
EndGlobal
